
Microsoft Visual Studio Solution File, Format Version 12.00
# Visual Studio Version 17
VisualStudioVersion = 17.3.32825.248
MinimumVisualStudioVersion = 10.0.40219.1
Project("{FAE04EC0-301F-11D3-BF4B-00C04F79EFBC}") = "Labb-1-Generics", "Labb-1-Generics\Labb-1-Generics.csproj", "{AC354282-BEA4-44BE-9E8D-AE9A2101B5EB}"
EndProject
Global
	GlobalSection(SolutionConfigurationPlatforms) = preSolution
		Debug|Any CPU = Debug|Any CPU
		Release|Any CPU = Release|Any CPU
	EndGlobalSection
	GlobalSection(ProjectConfigurationPlatforms) = postSolution
		{AC354282-BEA4-44BE-9E8D-AE9A2101B5EB}.Debug|Any CPU.ActiveCfg = Debug|Any CPU
		{AC354282-BEA4-44BE-9E8D-AE9A2101B5EB}.Debug|Any CPU.Build.0 = Debug|Any CPU
		{AC354282-BEA4-44BE-9E8D-AE9A2101B5EB}.Release|Any CPU.ActiveCfg = Release|Any CPU
		{AC354282-BEA4-44BE-9E8D-AE9A2101B5EB}.Release|Any CPU.Build.0 = Release|Any CPU
	EndGlobalSection
	GlobalSection(SolutionProperties) = preSolution
		HideSolutionNode = FALSE
	EndGlobalSection
	GlobalSection(ExtensibilityGlobals) = postSolution
		SolutionGuid = {45931855-2162-463E-BC81-8424DD9C1677}
	EndGlobalSection
EndGlobal
